
Microsoft Visual Studio Solution File, Format Version 12.00
# Visual Studio 15
VisualStudioVersion = 15.0.27004.2008
MinimumVisualStudioVersion = 10.0.40219.1
Project("{8BC9CEB8-8B4A-11D0-8D11-00A0C91BC942}") = "SDFD202-Sorting-Algorithms", "SDFD202-Sorting-Algorithms\SDFD202-Sorting-Algorithms.vcxproj", "{79204C7A-37E0-411F-89D2-18C0431770EE}"
EndProject
Global
	GlobalSection(SolutionConfigurationPlatforms) = preSolution
		Debug|x64 = Debug|x64
		Debug|x86 = Debug|x86
		Release|x64 = Release|x64
		Release|x86 = Release|x86
	EndGlobalSection
	GlobalSection(ProjectConfigurationPlatforms) = postSolution
		{79204C7A-37E0-411F-89D2-18C0431770EE}.Debug|x64.ActiveCfg = Debug|x64
		{79204C7A-37E0-411F-89D2-18C0431770EE}.Debug|x64.Build.0 = Debug|x64
		{79204C7A-37E0-411F-89D2-18C0431770EE}.Debug|x86.ActiveCfg = Debug|Win32
		{79204C7A-37E0-411F-89D2-18C0431770EE}.Debug|x86.Build.0 = Debug|Win32
		{79204C7A-37E0-411F-89D2-18C0431770EE}.Release|x64.ActiveCfg = Release|x64
		{79204C7A-37E0-411F-89D2-18C0431770EE}.Release|x64.Build.0 = Release|x64
		{79204C7A-37E0-411F-89D2-18C0431770EE}.Release|x86.ActiveCfg = Release|Win32
		{79204C7A-37E0-411F-89D2-18C0431770EE}.Release|x86.Build.0 = Release|Win32
	EndGlobalSection
	GlobalSection(SolutionProperties) = preSolution
		HideSolutionNode = FALSE
	EndGlobalSection
	GlobalSection(ExtensibilityGlobals) = postSolution
		SolutionGuid = {20126C90-CCA3-4CFE-B2AF-26C34DDAB100}
	EndGlobalSection
EndGlobal
